
Microsoft Visual Studio Solution File, Format Version 12.00
# Visual Studio Version 16
VisualStudioVersion = 16.0.31005.135
MinimumVisualStudioVersion = 10.0.40219.1
Project("{FAE04EC0-301F-11D3-BF4B-00C04F79EFBC}") = "okimu_discordPort", "okimu_discordPort\okimu_discordPort.csproj", "{B9E65B96-3594-4B7A-945A-BD324075492C}"
EndProject
Global
	GlobalSection(SolutionConfigurationPlatforms) = preSolution
		Debug|Any CPU = Debug|Any CPU
		Release|Any CPU = Release|Any CPU
	EndGlobalSection
	GlobalSection(ProjectConfigurationPlatforms) = postSolution
		{B9E65B96-3594-4B7A-945A-BD324075492C}.Debug|Any CPU.ActiveCfg = Debug|Any CPU
		{B9E65B96-3594-4B7A-945A-BD324075492C}.Debug|Any CPU.Build.0 = Debug|Any CPU
		{B9E65B96-3594-4B7A-945A-BD324075492C}.Release|Any CPU.ActiveCfg = Release|Any CPU
		{B9E65B96-3594-4B7A-945A-BD324075492C}.Release|Any CPU.Build.0 = Release|Any CPU
	EndGlobalSection
	GlobalSection(SolutionProperties) = preSolution
		HideSolutionNode = FALSE
	EndGlobalSection
	GlobalSection(ExtensibilityGlobals) = postSolution
		SolutionGuid = {ABE4AF97-2C7C-41EF-AE25-D39BBEA9F394}
	EndGlobalSection
EndGlobal
